
Microsoft Visual Studio Solution File, Format Version 12.00
# Visual Studio Version 16
VisualStudioVersion = 16.0.29521.150
MinimumVisualStudioVersion = 10.0.40219.1
Project("{9A19103F-16F7-4668-BE54-9A1E7A4F7556}") = "Project P34.DataAccess", "Project P34.DataAccess\Project P34.DataAccess.csproj", "{3D43AB5B-DB0C-4FC4-9697-C1EF64734D2A}"
EndProject
Project("{9A19103F-16F7-4668-BE54-9A1E7A4F7556}") = "Project P34.API+Angular", "Project P34.API+Angular\Project P34.API+Angular.csproj", "{9EDB0692-A333-4329-BE65-46BAACEC7F5D}"
EndProject
Project("{9A19103F-16F7-4668-BE54-9A1E7A4F7556}") = "Project P34.Domain", "Project P34.Domain\Project P34.Domain.csproj", "{3E8D0A18-3083-473C-BBFC-066DBED8457B}"
EndProject
Project("{FAE04EC0-301F-11D3-BF4B-00C04F79EFBC}") = "Project P34.DTO", "Project P34.DTO\Project P34.DTO.csproj", "{E9574AF5-A5F9-4013-B6A8-A6B3EB4F09EB}"
EndProject
Global
	GlobalSection(SolutionConfigurationPlatforms) = preSolution
		Debug|Any CPU = Debug|Any CPU
		Release|Any CPU = Release|Any CPU
	EndGlobalSection
	GlobalSection(ProjectConfigurationPlatforms) = postSolution
		{3D43AB5B-DB0C-4FC4-9697-C1EF64734D2A}.Debug|Any CPU.ActiveCfg = Debug|Any CPU
		{3D43AB5B-DB0C-4FC4-9697-C1EF64734D2A}.Debug|Any CPU.Build.0 = Debug|Any CPU
		{3D43AB5B-DB0C-4FC4-9697-C1EF64734D2A}.Release|Any CPU.ActiveCfg = Release|Any CPU
		{3D43AB5B-DB0C-4FC4-9697-C1EF64734D2A}.Release|Any CPU.Build.0 = Release|Any CPU
		{9EDB0692-A333-4329-BE65-46BAACEC7F5D}.Debug|Any CPU.ActiveCfg = Debug|Any CPU
		{9EDB0692-A333-4329-BE65-46BAACEC7F5D}.Debug|Any CPU.Build.0 = Debug|Any CPU
		{9EDB0692-A333-4329-BE65-46BAACEC7F5D}.Release|Any CPU.ActiveCfg = Release|Any CPU
		{9EDB0692-A333-4329-BE65-46BAACEC7F5D}.Release|Any CPU.Build.0 = Release|Any CPU
		{3E8D0A18-3083-473C-BBFC-066DBED8457B}.Debug|Any CPU.ActiveCfg = Debug|Any CPU
		{3E8D0A18-3083-473C-BBFC-066DBED8457B}.Debug|Any CPU.Build.0 = Debug|Any CPU
		{3E8D0A18-3083-473C-BBFC-066DBED8457B}.Release|Any CPU.ActiveCfg = Release|Any CPU
		{3E8D0A18-3083-473C-BBFC-066DBED8457B}.Release|Any CPU.Build.0 = Release|Any CPU
		{E9574AF5-A5F9-4013-B6A8-A6B3EB4F09EB}.Debug|Any CPU.ActiveCfg = Debug|Any CPU
		{E9574AF5-A5F9-4013-B6A8-A6B3EB4F09EB}.Debug|Any CPU.Build.0 = Debug|Any CPU
		{E9574AF5-A5F9-4013-B6A8-A6B3EB4F09EB}.Release|Any CPU.ActiveCfg = Release|Any CPU
		{E9574AF5-A5F9-4013-B6A8-A6B3EB4F09EB}.Release|Any CPU.Build.0 = Release|Any CPU
	EndGlobalSection
	GlobalSection(SolutionProperties) = preSolution
		HideSolutionNode = FALSE
	EndGlobalSection
	GlobalSection(ExtensibilityGlobals) = postSolution
		SolutionGuid = {50D69D34-A627-4858-81E2-07FEF6BDE62F}
	EndGlobalSection
EndGlobal
